
Microsoft Visual Studio Solution File, Format Version 12.00
# Visual Studio 2013
Project("{FAE04EC0-301F-11D3-BF4B-00C04F79EFBC}") = "UnityVS.Unity-Editor-Tuts.CSharp", "UnityVS.Unity-Editor-Tuts.CSharp.csproj", "{1A48F64C-E941-5C99-E5BE-135BEDCC960E}"
EndProject
Project("{FAE04EC0-301F-11D3-BF4B-00C04F79EFBC}") = "UnityVS.Unity-Editor-Tuts.CSharp.Editor", "UnityVS.Unity-Editor-Tuts.CSharp.Editor.csproj", "{68EDF1FA-1481-C0E2-27D8-A5456035F41E}"
EndProject
Global
	GlobalSection(SolutionConfigurationPlatforms) = preSolution
		Debug|Any CPU = Debug|Any CPU
		Release|Any CPU = Release|Any CPU
	EndGlobalSection
	GlobalSection(ProjectConfigurationPlatforms) = postSolution
		{1A48F64C-E941-5C99-E5BE-135BEDCC960E}.Debug|Any CPU.ActiveCfg = Debug|Any CPU
		{1A48F64C-E941-5C99-E5BE-135BEDCC960E}.Debug|Any CPU.Build.0 = Debug|Any CPU
		{1A48F64C-E941-5C99-E5BE-135BEDCC960E}.Release|Any CPU.ActiveCfg = Release|Any CPU
		{1A48F64C-E941-5C99-E5BE-135BEDCC960E}.Release|Any CPU.Build.0 = Release|Any CPU
		{68EDF1FA-1481-C0E2-27D8-A5456035F41E}.Debug|Any CPU.ActiveCfg = Debug|Any CPU
		{68EDF1FA-1481-C0E2-27D8-A5456035F41E}.Debug|Any CPU.Build.0 = Debug|Any CPU
		{68EDF1FA-1481-C0E2-27D8-A5456035F41E}.Release|Any CPU.ActiveCfg = Release|Any CPU
		{68EDF1FA-1481-C0E2-27D8-A5456035F41E}.Release|Any CPU.Build.0 = Release|Any CPU
	EndGlobalSection
	GlobalSection(SolutionProperties) = preSolution
		HideSolutionNode = FALSE
	EndGlobalSection
EndGlobal
